
Microsoft Visual Studio Solution File, Format Version 12.00
# Visual Studio Version 17
VisualStudioVersion = 17.11.35312.102
MinimumVisualStudioVersion = 10.0.40219.1
Project("{FAE04EC0-301F-11D3-BF4B-00C04F79EFBC}") = "TowerOfHanoi", "TowerOfHanoi\TowerOfHanoi.csproj", "{337C422F-E2CB-47D2-880B-D570888FDEBC}"
EndProject
Global
	GlobalSection(SolutionConfigurationPlatforms) = preSolution
		Debug|Any CPU = Debug|Any CPU
		Release|Any CPU = Release|Any CPU
	EndGlobalSection
	GlobalSection(ProjectConfigurationPlatforms) = postSolution
		{337C422F-E2CB-47D2-880B-D570888FDEBC}.Debug|Any CPU.ActiveCfg = Debug|Any CPU
		{337C422F-E2CB-47D2-880B-D570888FDEBC}.Debug|Any CPU.Build.0 = Debug|Any CPU
		{337C422F-E2CB-47D2-880B-D570888FDEBC}.Release|Any CPU.ActiveCfg = Release|Any CPU
		{337C422F-E2CB-47D2-880B-D570888FDEBC}.Release|Any CPU.Build.0 = Release|Any CPU
	EndGlobalSection
	GlobalSection(SolutionProperties) = preSolution
		HideSolutionNode = FALSE
	EndGlobalSection
	GlobalSection(ExtensibilityGlobals) = postSolution
		SolutionGuid = {01CBBEBA-903C-4AA0-AF8D-1F3705B7060A}
	EndGlobalSection
EndGlobal
